
Microsoft Visual Studio Solution File, Format Version 12.00
# Visual Studio Version 17
VisualStudioVersion = 17.5.002.0
MinimumVisualStudioVersion = 10.0.40219.1
Project("{2150E333-8FDC-42A3-9474-1A3956D46DE8}") = "HW1", "HW1", "{AB8739D2-A06B-4FB5-AE8A-69429C822024}"
EndProject
Project("{9A19103F-16F7-4668-BE54-9A1E7A4F7556}") = "1_1", "HW1\1_1\1_1.csproj", "{C88FBB81-5136-4A54-8853-CDDD7AB8FA84}"
EndProject
Global
	GlobalSection(SolutionConfigurationPlatforms) = preSolution
		Debug|Any CPU = Debug|Any CPU
		Release|Any CPU = Release|Any CPU
	EndGlobalSection
	GlobalSection(ProjectConfigurationPlatforms) = postSolution
		{C88FBB81-5136-4A54-8853-CDDD7AB8FA84}.Debug|Any CPU.ActiveCfg = Debug|Any CPU
		{C88FBB81-5136-4A54-8853-CDDD7AB8FA84}.Debug|Any CPU.Build.0 = Debug|Any CPU
		{C88FBB81-5136-4A54-8853-CDDD7AB8FA84}.Release|Any CPU.ActiveCfg = Release|Any CPU
		{C88FBB81-5136-4A54-8853-CDDD7AB8FA84}.Release|Any CPU.Build.0 = Release|Any CPU
	EndGlobalSection
	GlobalSection(SolutionProperties) = preSolution
		HideSolutionNode = FALSE
	EndGlobalSection
	GlobalSection(NestedProjects) = preSolution
		{C88FBB81-5136-4A54-8853-CDDD7AB8FA84} = {AB8739D2-A06B-4FB5-AE8A-69429C822024}
	EndGlobalSection
	GlobalSection(ExtensibilityGlobals) = postSolution
		SolutionGuid = {69B22F51-01FA-41B1-A165-25AD425F203A}
	EndGlobalSection
EndGlobal
